
Microsoft Visual Studio Solution File, Format Version 12.00
# Visual Studio Version 17
VisualStudioVersion = 17.3.32804.467
MinimumVisualStudioVersion = 10.0.40219.1
Project("{9A19103F-16F7-4668-BE54-9A1E7A4F7556}") = "ConsoleApp1", "ConsoleApp1\ConsoleApp1.csproj", "{08326F06-281B-481B-85C2-2E723390FED3}"
EndProject
Project("{FAE04EC0-301F-11D3-BF4B-00C04F79EFBC}") = "AI assignment", "AI assignment\AI assignment.csproj", "{8D6010D3-336E-44A2-B1DE-6EDCE44AD7BC}"
EndProject
Global
	GlobalSection(SolutionConfigurationPlatforms) = preSolution
		Debug|Any CPU = Debug|Any CPU
		Release|Any CPU = Release|Any CPU
	EndGlobalSection
	GlobalSection(ProjectConfigurationPlatforms) = postSolution
		{08326F06-281B-481B-85C2-2E723390FED3}.Debug|Any CPU.ActiveCfg = Debug|Any CPU
		{08326F06-281B-481B-85C2-2E723390FED3}.Debug|Any CPU.Build.0 = Debug|Any CPU
		{08326F06-281B-481B-85C2-2E723390FED3}.Release|Any CPU.ActiveCfg = Release|Any CPU
		{08326F06-281B-481B-85C2-2E723390FED3}.Release|Any CPU.Build.0 = Release|Any CPU
		{8D6010D3-336E-44A2-B1DE-6EDCE44AD7BC}.Debug|Any CPU.ActiveCfg = Debug|Any CPU
		{8D6010D3-336E-44A2-B1DE-6EDCE44AD7BC}.Debug|Any CPU.Build.0 = Debug|Any CPU
		{8D6010D3-336E-44A2-B1DE-6EDCE44AD7BC}.Release|Any CPU.ActiveCfg = Release|Any CPU
		{8D6010D3-336E-44A2-B1DE-6EDCE44AD7BC}.Release|Any CPU.Build.0 = Release|Any CPU
	EndGlobalSection
	GlobalSection(SolutionProperties) = preSolution
		HideSolutionNode = FALSE
	EndGlobalSection
	GlobalSection(ExtensibilityGlobals) = postSolution
		SolutionGuid = {18D48E44-6492-4B03-9B70-3D7B6DF0F9C7}
	EndGlobalSection
EndGlobal
